
Microsoft Visual Studio Solution File, Format Version 12.00
Project("{F2A71F9B-5D33-465A-A702-920D77279786}") = "Lab1", "Lab1\Lab1.fsproj", "{30111096-8903-4CE1-B0BE-F3C2D655A82F}"
EndProject
Project("{F2A71F9B-5D33-465A-A702-920D77279786}") = "Lab2", "Lab2\Lab2.fsproj", "{B896CBC9-4C25-4563-933D-60F6AC12E764}"
EndProject
Project("{F2A71F9B-5D33-465A-A702-920D77279786}") = "Lab3", "Lab3\Lab3.fsproj", "{76F528C2-49C6-47D6-9BFB-38090E36AB51}"
EndProject
Project("{F2A71F9B-5D33-465A-A702-920D77279786}") = "Lab4", "Lab4\Lab4.fsproj", "{9E42E7F5-78D7-448C-BE70-DAE17DC2C2C1}"
EndProject
Project("{F2A71F9B-5D33-465A-A702-920D77279786}") = "Lab5", "Lab5\Lab5.fsproj", "{ABE29E34-1BA3-48AC-85C6-F934A143FC1A}"
EndProject
Project("{F2A71F9B-5D33-465A-A702-920D77279786}") = "Lab6", "Lab6\Lab6.fsproj", "{C26D9FD9-BC67-4B90-9810-C2D67DD019BF}"
EndProject
Global
	GlobalSection(SolutionConfigurationPlatforms) = preSolution
		Debug|Any CPU = Debug|Any CPU
		Release|Any CPU = Release|Any CPU
	EndGlobalSection
	GlobalSection(ProjectConfigurationPlatforms) = postSolution
		{30111096-8903-4CE1-B0BE-F3C2D655A82F}.Debug|Any CPU.ActiveCfg = Debug|Any CPU
		{30111096-8903-4CE1-B0BE-F3C2D655A82F}.Debug|Any CPU.Build.0 = Debug|Any CPU
		{30111096-8903-4CE1-B0BE-F3C2D655A82F}.Release|Any CPU.ActiveCfg = Release|Any CPU
		{30111096-8903-4CE1-B0BE-F3C2D655A82F}.Release|Any CPU.Build.0 = Release|Any CPU
		{B896CBC9-4C25-4563-933D-60F6AC12E764}.Debug|Any CPU.ActiveCfg = Debug|Any CPU
		{B896CBC9-4C25-4563-933D-60F6AC12E764}.Debug|Any CPU.Build.0 = Debug|Any CPU
		{B896CBC9-4C25-4563-933D-60F6AC12E764}.Release|Any CPU.ActiveCfg = Release|Any CPU
		{B896CBC9-4C25-4563-933D-60F6AC12E764}.Release|Any CPU.Build.0 = Release|Any CPU
		{76F528C2-49C6-47D6-9BFB-38090E36AB51}.Debug|Any CPU.ActiveCfg = Debug|Any CPU
		{76F528C2-49C6-47D6-9BFB-38090E36AB51}.Debug|Any CPU.Build.0 = Debug|Any CPU
		{76F528C2-49C6-47D6-9BFB-38090E36AB51}.Release|Any CPU.ActiveCfg = Release|Any CPU
		{76F528C2-49C6-47D6-9BFB-38090E36AB51}.Release|Any CPU.Build.0 = Release|Any CPU
		{9E42E7F5-78D7-448C-BE70-DAE17DC2C2C1}.Debug|Any CPU.ActiveCfg = Debug|Any CPU
		{9E42E7F5-78D7-448C-BE70-DAE17DC2C2C1}.Debug|Any CPU.Build.0 = Debug|Any CPU
		{9E42E7F5-78D7-448C-BE70-DAE17DC2C2C1}.Release|Any CPU.ActiveCfg = Release|Any CPU
		{9E42E7F5-78D7-448C-BE70-DAE17DC2C2C1}.Release|Any CPU.Build.0 = Release|Any CPU
		{ABE29E34-1BA3-48AC-85C6-F934A143FC1A}.Debug|Any CPU.ActiveCfg = Debug|Any CPU
		{ABE29E34-1BA3-48AC-85C6-F934A143FC1A}.Debug|Any CPU.Build.0 = Debug|Any CPU
		{ABE29E34-1BA3-48AC-85C6-F934A143FC1A}.Release|Any CPU.ActiveCfg = Release|Any CPU
		{ABE29E34-1BA3-48AC-85C6-F934A143FC1A}.Release|Any CPU.Build.0 = Release|Any CPU
		{C26D9FD9-BC67-4B90-9810-C2D67DD019BF}.Debug|Any CPU.ActiveCfg = Debug|Any CPU
		{C26D9FD9-BC67-4B90-9810-C2D67DD019BF}.Debug|Any CPU.Build.0 = Debug|Any CPU
		{C26D9FD9-BC67-4B90-9810-C2D67DD019BF}.Release|Any CPU.ActiveCfg = Release|Any CPU
		{C26D9FD9-BC67-4B90-9810-C2D67DD019BF}.Release|Any CPU.Build.0 = Release|Any CPU
	EndGlobalSection
EndGlobal
